Microsoft Visual Studio Solution File, Format Version 12.00
# Visual Studio Version 17
VisualStudioVersion = 17.13.35919.96
MinimumVisualStudioVersion = 10.0.40219.1
Project("{8BC9CEB8-8B4A-11D0-8D11-00A0C91BC942}") = "DummyClient", "DummyClient\DummyClient.vcxproj", "{FDD99D4B-ED41-4BB6-BD75-0830F27D2689}"
	ProjectSection(ProjectDependencies) = postProject
		{33033385-DBDC-4862-87F0-79FF8C49984A} = {33033385-DBDC-4862-87F0-79FF8C49984A}
		{3BC62D3B-A3FE-4B7C-BBCA-4987DACEF59E} = {3BC62D3B-A3FE-4B7C-BBCA-4987DACEF59E}
	EndProjectSection
EndProject
Project("{8BC9CEB8-8B4A-11D0-8D11-00A0C91BC942}") = "ServerEngine", "ServerEngine\ServerEngine.vcxproj", "{3BC62D3B-A3FE-4B7C-BBCA-4987DACEF59E}"
EndProject
Project("{8BC9CEB8-8B4A-11D0-8D11-00A0C91BC942}") = "GameServer", "GameServer\GameServer.vcxproj", "{7E683075-6FA8-4864-9395-AE8BA508AEAE}"
	ProjectSection(ProjectDependencies) = postProject
		{33033385-DBDC-4862-87F0-79FF8C49984A} = {33033385-DBDC-4862-87F0-79FF8C49984A}
		{3BC62D3B-A3FE-4B7C-BBCA-4987DACEF59E} = {3BC62D3B-A3FE-4B7C-BBCA-4987DACEF59E}
	EndProjectSection
EndProject
Project("{2150E333-8FDC-42A3-9474-1A3956D46DE8}") = "Common", "Common", "{A58A2D29-790D-401E-A315-A47791AA2D5C}"
	ProjectSection(SolutionItems) = preProject
		Common\Message.h = Common\Message.h
	EndProjectSection
EndProject
Project("{2150E333-8FDC-42A3-9474-1A3956D46DE8}") = "MessageData", "MessageData", "{BE7791E1-09DC-4303-87C5-ADEA62AC72A3}"
	ProjectSection(SolutionItems) = preProject
		Common\MessageData\Client.fbs = Common\MessageData\Client.fbs
		Common\MessageData\Client_generated.h = Common\MessageData\Client_generated.h
		Common\MessageData\Common.fbs = Common\MessageData\Common.fbs
		Common\MessageData\Common_generated.h = Common\MessageData\Common_generated.h
		Common\MessageData\Generator.bat = Common\MessageData\Generator.bat
		Common\MessageData\Server.fbs = Common\MessageData\Server.fbs
		Common\MessageData\Server_generated.h = Common\MessageData\Server_generated.h
	EndProjectSection
EndProject
Project("{2150E333-8FDC-42A3-9474-1A3956D46DE8}") = "Protocol", "Protocol", "{9EECD632-FD61-4240-AC8F-5AF959A00FA7}"
	ProjectSection(SolutionItems) = preProject
		Common\Protocol\ClientPayload.proto = Common\Protocol\ClientPayload.proto
		Common\Protocol\Common.proto = Common\Protocol\Common.proto
		Common\Protocol\ServerPayload.proto = Common\Protocol\ServerPayload.proto
	EndProjectSection
EndProject
Project("{2150E333-8FDC-42A3-9474-1A3956D46DE8}") = "Tools", "Tools", "{B8766B3A-3438-407B-B746-30680F57A5A3}"
	ProjectSection(SolutionItems) = preProject
		Tools\GenProtocol.bat = Tools\GenProtocol.bat
	EndProjectSection
EndProject
Project("{8BC9CEB8-8B4A-11D0-8D11-00A0C91BC942}") = "GameContent", "GameContent\GameContent.vcxproj", "{33033385-DBDC-4862-87F0-79FF8C49984A}"
	ProjectSection(ProjectDependencies) = postProject
		{3BC62D3B-A3FE-4B7C-BBCA-4987DACEF59E} = {3BC62D3B-A3FE-4B7C-BBCA-4987DACEF59E}
	EndProjectSection
EndProject
Global
	GlobalSection(SolutionConfigurationPlatforms) = preSolution
		Debug|x64 = Debug|x64
		Debug|x86 = Debug|x86
		Release|x64 = Release|x64
		Release|x86 = Release|x86
	EndGlobalSection
	GlobalSection(ProjectConfigurationPlatforms) = postSolution
		{FDD99D4B-ED41-4BB6-BD75-0830F27D2689}.Debug|x64.ActiveCfg = Debug|x64
		{FDD99D4B-ED41-4BB6-BD75-0830F27D2689}.Debug|x64.Build.0 = Debug|x64
		{FDD99D4B-ED41-4BB6-BD75-0830F27D2689}.Debug|x86.ActiveCfg = Debug|Win32
		{FDD99D4B-ED41-4BB6-BD75-0830F27D2689}.Debug|x86.Build.0 = Debug|Win32
		{FDD99D4B-ED41-4BB6-BD75-0830F27D2689}.Release|x64.ActiveCfg = Release|x64
		{FDD99D4B-ED41-4BB6-BD75-0830F27D2689}.Release|x64.Build.0 = Release|x64
		{FDD99D4B-ED41-4BB6-BD75-0830F27D2689}.Release|x86.ActiveCfg = Release|Win32
		{FDD99D4B-ED41-4BB6-BD75-0830F27D2689}.Release|x86.Build.0 = Release|Win32
		{3BC62D3B-A3FE-4B7C-BBCA-4987DACEF59E}.Debug|x64.ActiveCfg = Debug|x64
		{3BC62D3B-A3FE-4B7C-BBCA-4987DACEF59E}.Debug|x64.Build.0 = Debug|x64
		{3BC62D3B-A3FE-4B7C-BBCA-4987DACEF59E}.Debug|x86.ActiveCfg = Debug|Win32
		{3BC62D3B-A3FE-4B7C-BBCA-4987DACEF59E}.Debug|x86.Build.0 = Debug|Win32
		{3BC62D3B-A3FE-4B7C-BBCA-4987DACEF59E}.Release|x64.ActiveCfg = Release|x64
		{3BC62D3B-A3FE-4B7C-BBCA-4987DACEF59E}.Release|x64.Build.0 = Release|x64
		{3BC62D3B-A3FE-4B7C-BBCA-4987DACEF59E}.Release|x86.ActiveCfg = Release|Win32
		{3BC62D3B-A3FE-4B7C-BBCA-4987DACEF59E}.Release|x86.Build.0 = Release|Win32
		{7E683075-6FA8-4864-9395-AE8BA508AEAE}.Debug|x64.ActiveCfg = Debug|x64
		{7E683075-6FA8-4864-9395-AE8BA508AEAE}.Debug|x64.Build.0 = Debug|x64
		{7E683075-6FA8-4864-9395-AE8BA508AEAE}.Debug|x86.ActiveCfg = Debug|Win32
		{7E683075-6FA8-4864-9395-AE8BA508AEAE}.Debug|x86.Build.0 = Debug|Win32
		{7E683075-6FA8-4864-9395-AE8BA508AEAE}.Release|x64.ActiveCfg = Release|x64
		{7E683075-6FA8-4864-9395-AE8BA508AEAE}.Release|x64.Build.0 = Release|x64
		{7E683075-6FA8-4864-9395-AE8BA508AEAE}.Release|x86.ActiveCfg = Release|Win32
		{7E683075-6FA8-4864-9395-AE8BA508AEAE}.Release|x86.Build.0 = Release|Win32
		{33033385-DBDC-4862-87F0-79FF8C49984A}.Debug|x64.ActiveCfg = Debug|x64
		{33033385-DBDC-4862-87F0-79FF8C49984A}.Debug|x64.Build.0 = Debug|x64
		{33033385-DBDC-4862-87F0-79FF8C49984A}.Debug|x86.ActiveCfg = Debug|Win32
		{33033385-DBDC-4862-87F0-79FF8C49984A}.Debug|x86.Build.0 = Debug|Win32
		{33033385-DBDC-4862-87F0-79FF8C49984A}.Release|x64.ActiveCfg = Release|x64
		{33033385-DBDC-4862-87F0-79FF8C49984A}.Release|x64.Build.0 = Release|x64
		{33033385-DBDC-4862-87F0-79FF8C49984A}.Release|x86.ActiveCfg = Release|Win32
		{33033385-DBDC-4862-87F0-79FF8C49984A}.Release|x86.Build.0 = Release|Win32
	EndGlobalSection
	GlobalSection(SolutionProperties) = preSolution
		HideSolutionNode = FALSE
	EndGlobalSection
	GlobalSection(NestedProjects) = preSolution
		{BE7791E1-09DC-4303-87C5-ADEA62AC72A3} = {A58A2D29-790D-401E-A315-A47791AA2D5C}
		{9EECD632-FD61-4240-AC8F-5AF959A00FA7} = {A58A2D29-790D-401E-A315-A47791AA2D5C}
	EndGlobalSection
	GlobalSection(ExtensibilityGlobals) = postSolution
		SolutionGuid = {7A16D7E2-68B6-431B-80E6-2B13B17C2EA1}
	EndGlobalSection
EndGlobal
