
Microsoft Visual Studio Solution File, Format Version 12.00
# Visual Studio Version 17
VisualStudioVersion = 17.14.36127.28
MinimumVisualStudioVersion = 10.0.40219.1
Project("{8BC9CEB8-8B4A-11D0-8D11-00A0C91BC942}") = "Core", "Core\Core.vcxproj", "{C1F5CCE7-5A71-4D42-A250-03AC80535F79}"
EndProject
Project("{8BC9CEB8-8B4A-11D0-8D11-00A0C91BC942}") = "WorldServer", "WorldServer\WorldServer.vcxproj", "{575C13C3-69DD-49EC-B75F-E4F7438F8DAC}"
	ProjectSection(ProjectDependencies) = postProject
		{316FA842-8A1E-4257-8CBA-175B8AD1BD17} = {316FA842-8A1E-4257-8CBA-175B8AD1BD17}
		{7E84AF72-1A59-4B78-983E-4E3B545E82DD} = {7E84AF72-1A59-4B78-983E-4E3B545E82DD}
		{C1F5CCE7-5A71-4D42-A250-03AC80535F79} = {C1F5CCE7-5A71-4D42-A250-03AC80535F79}
		{CC66963F-B6FC-429C-8FA3-A6D64F778F9C} = {CC66963F-B6FC-429C-8FA3-A6D64F778F9C}
	EndProjectSection
EndProject
Project("{8BC9CEB8-8B4A-11D0-8D11-00A0C91BC942}") = "DummyClient", "DummyClient\DummyClient.vcxproj", "{C057D81C-355A-4493-BCB4-7A03C0CB030E}"
	ProjectSection(ProjectDependencies) = postProject
		{316FA842-8A1E-4257-8CBA-175B8AD1BD17} = {316FA842-8A1E-4257-8CBA-175B8AD1BD17}
		{7E84AF72-1A59-4B78-983E-4E3B545E82DD} = {7E84AF72-1A59-4B78-983E-4E3B545E82DD}
		{C1F5CCE7-5A71-4D42-A250-03AC80535F79} = {C1F5CCE7-5A71-4D42-A250-03AC80535F79}
		{CC66963F-B6FC-429C-8FA3-A6D64F778F9C} = {CC66963F-B6FC-429C-8FA3-A6D64F778F9C}
	EndProjectSection
EndProject
Project("{8BC9CEB8-8B4A-11D0-8D11-00A0C91BC942}") = "Network", "Network\Network.vcxproj", "{316FA842-8A1E-4257-8CBA-175B8AD1BD17}"
	ProjectSection(ProjectDependencies) = postProject
		{C1F5CCE7-5A71-4D42-A250-03AC80535F79} = {C1F5CCE7-5A71-4D42-A250-03AC80535F79}
	EndProjectSection
EndProject
Project("{8BC9CEB8-8B4A-11D0-8D11-00A0C91BC942}") = "GameLogic", "GameLogic\GameLogic.vcxproj", "{7E84AF72-1A59-4B78-983E-4E3B545E82DD}"
	ProjectSection(ProjectDependencies) = postProject
		{C1F5CCE7-5A71-4D42-A250-03AC80535F79} = {C1F5CCE7-5A71-4D42-A250-03AC80535F79}
	EndProjectSection
EndProject
Project("{8BC9CEB8-8B4A-11D0-8D11-00A0C91BC942}") = "Protocol", "Protocol\Protocol.vcxproj", "{CC66963F-B6FC-429C-8FA3-A6D64F778F9C}"
	ProjectSection(ProjectDependencies) = postProject
		{316FA842-8A1E-4257-8CBA-175B8AD1BD17} = {316FA842-8A1E-4257-8CBA-175B8AD1BD17}
		{C1F5CCE7-5A71-4D42-A250-03AC80535F79} = {C1F5CCE7-5A71-4D42-A250-03AC80535F79}
	EndProjectSection
EndProject
Global
	GlobalSection(SolutionConfigurationPlatforms) = preSolution
		Debug|x64 = Debug|x64
		Debug|x86 = Debug|x86
		Release|x64 = Release|x64
		Release|x86 = Release|x86
	EndGlobalSection
	GlobalSection(ProjectConfigurationPlatforms) = postSolution
		{C1F5CCE7-5A71-4D42-A250-03AC80535F79}.Debug|x64.ActiveCfg = Debug|x64
		{C1F5CCE7-5A71-4D42-A250-03AC80535F79}.Debug|x64.Build.0 = Debug|x64
		{C1F5CCE7-5A71-4D42-A250-03AC80535F79}.Debug|x86.ActiveCfg = Debug|Win32
		{C1F5CCE7-5A71-4D42-A250-03AC80535F79}.Debug|x86.Build.0 = Debug|Win32
		{C1F5CCE7-5A71-4D42-A250-03AC80535F79}.Release|x64.ActiveCfg = Release|x64
		{C1F5CCE7-5A71-4D42-A250-03AC80535F79}.Release|x64.Build.0 = Release|x64
		{C1F5CCE7-5A71-4D42-A250-03AC80535F79}.Release|x86.ActiveCfg = Release|Win32
		{C1F5CCE7-5A71-4D42-A250-03AC80535F79}.Release|x86.Build.0 = Release|Win32
		{575C13C3-69DD-49EC-B75F-E4F7438F8DAC}.Debug|x64.ActiveCfg = Debug|x64
		{575C13C3-69DD-49EC-B75F-E4F7438F8DAC}.Debug|x64.Build.0 = Debug|x64
		{575C13C3-69DD-49EC-B75F-E4F7438F8DAC}.Debug|x86.ActiveCfg = Debug|Win32
		{575C13C3-69DD-49EC-B75F-E4F7438F8DAC}.Debug|x86.Build.0 = Debug|Win32
		{575C13C3-69DD-49EC-B75F-E4F7438F8DAC}.Release|x64.ActiveCfg = Release|x64
		{575C13C3-69DD-49EC-B75F-E4F7438F8DAC}.Release|x64.Build.0 = Release|x64
		{575C13C3-69DD-49EC-B75F-E4F7438F8DAC}.Release|x86.ActiveCfg = Release|Win32
		{575C13C3-69DD-49EC-B75F-E4F7438F8DAC}.Release|x86.Build.0 = Release|Win32
		{C057D81C-355A-4493-BCB4-7A03C0CB030E}.Debug|x64.ActiveCfg = Debug|x64
		{C057D81C-355A-4493-BCB4-7A03C0CB030E}.Debug|x64.Build.0 = Debug|x64
		{C057D81C-355A-4493-BCB4-7A03C0CB030E}.Debug|x86.ActiveCfg = Debug|Win32
		{C057D81C-355A-4493-BCB4-7A03C0CB030E}.Debug|x86.Build.0 = Debug|Win32
		{C057D81C-355A-4493-BCB4-7A03C0CB030E}.Release|x64.ActiveCfg = Release|x64
		{C057D81C-355A-4493-BCB4-7A03C0CB030E}.Release|x64.Build.0 = Release|x64
		{C057D81C-355A-4493-BCB4-7A03C0CB030E}.Release|x86.ActiveCfg = Release|Win32
		{C057D81C-355A-4493-BCB4-7A03C0CB030E}.Release|x86.Build.0 = Release|Win32
		{316FA842-8A1E-4257-8CBA-175B8AD1BD17}.Debug|x64.ActiveCfg = Debug|x64
		{316FA842-8A1E-4257-8CBA-175B8AD1BD17}.Debug|x64.Build.0 = Debug|x64
		{316FA842-8A1E-4257-8CBA-175B8AD1BD17}.Debug|x86.ActiveCfg = Debug|Win32
		{316FA842-8A1E-4257-8CBA-175B8AD1BD17}.Debug|x86.Build.0 = Debug|Win32
		{316FA842-8A1E-4257-8CBA-175B8AD1BD17}.Release|x64.ActiveCfg = Release|x64
		{316FA842-8A1E-4257-8CBA-175B8AD1BD17}.Release|x64.Build.0 = Release|x64
		{316FA842-8A1E-4257-8CBA-175B8AD1BD17}.Release|x86.ActiveCfg = Release|Win32
		{316FA842-8A1E-4257-8CBA-175B8AD1BD17}.Release|x86.Build.0 = Release|Win32
		{7E84AF72-1A59-4B78-983E-4E3B545E82DD}.Debug|x64.ActiveCfg = Debug|x64
		{7E84AF72-1A59-4B78-983E-4E3B545E82DD}.Debug|x64.Build.0 = Debug|x64
		{7E84AF72-1A59-4B78-983E-4E3B545E82DD}.Debug|x86.ActiveCfg = Debug|Win32
		{7E84AF72-1A59-4B78-983E-4E3B545E82DD}.Debug|x86.Build.0 = Debug|Win32
		{7E84AF72-1A59-4B78-983E-4E3B545E82DD}.Release|x64.ActiveCfg = Release|x64
		{7E84AF72-1A59-4B78-983E-4E3B545E82DD}.Release|x64.Build.0 = Release|x64
		{7E84AF72-1A59-4B78-983E-4E3B545E82DD}.Release|x86.ActiveCfg = Release|Win32
		{7E84AF72-1A59-4B78-983E-4E3B545E82DD}.Release|x86.Build.0 = Release|Win32
		{CC66963F-B6FC-429C-8FA3-A6D64F778F9C}.Debug|x64.ActiveCfg = Debug|x64
		{CC66963F-B6FC-429C-8FA3-A6D64F778F9C}.Debug|x64.Build.0 = Debug|x64
		{CC66963F-B6FC-429C-8FA3-A6D64F778F9C}.Debug|x86.ActiveCfg = Debug|Win32
		{CC66963F-B6FC-429C-8FA3-A6D64F778F9C}.Debug|x86.Build.0 = Debug|Win32
		{CC66963F-B6FC-429C-8FA3-A6D64F778F9C}.Release|x64.ActiveCfg = Release|x64
		{CC66963F-B6FC-429C-8FA3-A6D64F778F9C}.Release|x64.Build.0 = Release|x64
		{CC66963F-B6FC-429C-8FA3-A6D64F778F9C}.Release|x86.ActiveCfg = Release|Win32
		{CC66963F-B6FC-429C-8FA3-A6D64F778F9C}.Release|x86.Build.0 = Release|Win32
	EndGlobalSection
	GlobalSection(SolutionProperties) = preSolution
		HideSolutionNode = FALSE
	EndGlobalSection
	GlobalSection(ExtensibilityGlobals) = postSolution
		SolutionGuid = {0C93B141-90DD-464D-BF73-8942978F7AF4}
	EndGlobalSection
EndGlobal
