<?xml version="1.0" encoding="utf-8"?>
<Project ToolsVersion="4.0" xmlns="http://schemas.microsoft.com/developer/msbuild/2003">
  <ItemGroup>
    <ClCompile Include="Main.cpp" />
    <ClCompile Include="Pch.cpp" />
    <ClCompile Include="Network\Session.cpp">
      <Filter>Network</Filter>
    </ClCompile>
    <ClCompile Include="Network\Message.cpp">
      <Filter>Network</Filter>
    </ClCompile>
    <ClCompile Include="Content\Player.cpp">
      <Filter>Content</Filter>
    </ClCompile>
    <ClCompile Include="Content\Room.cpp">
      <Filter>Content</Filter>
    </ClCompile>
  </ItemGroup>
  <ItemGroup>
    <ClInclude Include="Pch.h" />
    <ClInclude Include="Network\Session.h">
      <Filter>Network</Filter>
    </ClInclude>
    <ClInclude Include="Network\Message.h">
      <Filter>Network</Filter>
    </ClInclude>
    <ClInclude Include="Content\Player.h">
      <Filter>Content</Filter>
    </ClInclude>
    <ClInclude Include="Content\Room.h">
      <Filter>Content</Filter>
    </ClInclude>
  </ItemGroup>
  <ItemGroup>
    <Filter Include="Network">
      <UniqueIdentifier>{c4d61db3-d7c0-47b5-b9f7-a39f60073311}</UniqueIdentifier>
    </Filter>
    <Filter Include="Content">
      <UniqueIdentifier>{1e81a57d-5a97-4093-a165-8e76f5d1109c}</UniqueIdentifier>
    </Filter>
  </ItemGroup>
  <ItemGroup>
    <None Include="cpp.hint" />
  </ItemGroup>
</Project>