<?xml version="1.0" encoding="utf-8"?>
<Project ToolsVersion="4.0" xmlns="http://schemas.microsoft.com/developer/msbuild/2003">
  <ItemGroup>
    <Filter Include="Core">
      <UniqueIdentifier>{67ee8be2-fcf5-4df2-9b83-abf31462876e}</UniqueIdentifier>
    </Filter>
    <Filter Include="Concurrency">
      <UniqueIdentifier>{bf2a8b0b-e5f3-495d-953a-b34f9435ca9f}</UniqueIdentifier>
    </Filter>
    <Filter Include="Memory">
      <UniqueIdentifier>{bea8fd23-eec9-467b-ba4f-8c06426b6fde}</UniqueIdentifier>
    </Filter>
  </ItemGroup>
  <ItemGroup>
    <ClInclude Include="Core\Types.h">
      <Filter>Core</Filter>
    </ClInclude>
    <ClInclude Include="Pch.h" />
    <ClInclude Include="Core\Pch.h">
      <Filter>Core</Filter>
    </ClInclude>
    <ClInclude Include="Core\Global.h">
      <Filter>Core</Filter>
    </ClInclude>
    <ClInclude Include="Core\Macro.h">
      <Filter>Core</Filter>
    </ClInclude>
    <ClInclude Include="Core\Tls.h">
      <Filter>Core</Filter>
    </ClInclude>
    <ClInclude Include="Concurrency\Thread.h">
      <Filter>Concurrency</Filter>
    </ClInclude>
    <ClInclude Include="Concurrency\Lock.h">
      <Filter>Concurrency</Filter>
    </ClInclude>
    <ClInclude Include="Concurrency\Deadlock.h">
      <Filter>Concurrency</Filter>
    </ClInclude>
    <ClInclude Include="Memory\MemoryAllocator.h">
      <Filter>Memory</Filter>
    </ClInclude>
    <ClInclude Include="Memory\Object.h">
      <Filter>Memory</Filter>
    </ClInclude>
    <ClInclude Include="Memory\MemoryPool.h">
      <Filter>Memory</Filter>
    </ClInclude>
  </ItemGroup>
  <ItemGroup>
    <ClCompile Include="Pch.cpp" />
    <ClCompile Include="Core\Global.cpp">
      <Filter>Core</Filter>
    </ClCompile>
    <ClCompile Include="Core\Tls.cpp">
      <Filter>Core</Filter>
    </ClCompile>
    <ClCompile Include="Concurrency\Thread.cpp">
      <Filter>Concurrency</Filter>
    </ClCompile>
    <ClCompile Include="Concurrency\Lock.cpp">
      <Filter>Concurrency</Filter>
    </ClCompile>
    <ClCompile Include="Concurrency\Deadlock.cpp">
      <Filter>Concurrency</Filter>
    </ClCompile>
    <ClCompile Include="Memory\MemoryAllocator.cpp">
      <Filter>Memory</Filter>
    </ClCompile>
    <ClCompile Include="Memory\MemoryPool.cpp">
      <Filter>Memory</Filter>
    </ClCompile>
  </ItemGroup>
</Project>