<?xml version="1.0" encoding="utf-8"?>
<Project ToolsVersion="4.0" xmlns="http://schemas.microsoft.com/developer/msbuild/2003">
  <ItemGroup>
    <Filter Include="Core">
      <UniqueIdentifier>{67ee8be2-fcf5-4df2-9b83-abf31462876e}</UniqueIdentifier>
    </Filter>
    <Filter Include="Concurrency">
      <UniqueIdentifier>{bf2a8b0b-e5f3-495d-953a-b34f9435ca9f}</UniqueIdentifier>
    </Filter>
    <Filter Include="Network">
      <UniqueIdentifier>{3f1b2998-d8f4-4816-a21f-edd9bb6694de}</UniqueIdentifier>
    </Filter>
    <Filter Include="Io">
      <UniqueIdentifier>{556c3f77-5b44-4ea3-bf3b-6e13c9baf12d}</UniqueIdentifier>
    </Filter>
    <Filter Include="Log">
      <UniqueIdentifier>{52e8fbba-a7e2-4133-a9b9-3a6193849c7e}</UniqueIdentifier>
    </Filter>
    <Filter Include="Job">
      <UniqueIdentifier>{752b92d9-f13b-49b9-9e7b-56ae5dd5c346}</UniqueIdentifier>
    </Filter>
  </ItemGroup>
  <ItemGroup>
    <ClInclude Include="Core\Types.h">
      <Filter>Core</Filter>
    </ClInclude>
    <ClInclude Include="Pch.h" />
    <ClInclude Include="Core\Pch.h">
      <Filter>Core</Filter>
    </ClInclude>
    <ClInclude Include="Core\Global.h">
      <Filter>Core</Filter>
    </ClInclude>
    <ClInclude Include="Core\Macro.h">
      <Filter>Core</Filter>
    </ClInclude>
    <ClInclude Include="Core\Tls.h">
      <Filter>Core</Filter>
    </ClInclude>
    <ClInclude Include="Concurrency\Thread.h">
      <Filter>Concurrency</Filter>
    </ClInclude>
    <ClInclude Include="Concurrency\Lock.h">
      <Filter>Concurrency</Filter>
    </ClInclude>
    <ClInclude Include="Concurrency\Deadlock.h">
      <Filter>Concurrency</Filter>
    </ClInclude>
    <ClInclude Include="Network\Address.h">
      <Filter>Network</Filter>
    </ClInclude>
    <ClInclude Include="Network\Socket.h">
      <Filter>Network</Filter>
    </ClInclude>
    <ClInclude Include="Io\Dispatcher.h">
      <Filter>Io</Filter>
    </ClInclude>
    <ClInclude Include="Io\Event.h">
      <Filter>Io</Filter>
    </ClInclude>
    <ClInclude Include="Network\Listener.h">
      <Filter>Network</Filter>
    </ClInclude>
    <ClInclude Include="Network\Session.h">
      <Filter>Network</Filter>
    </ClInclude>
    <ClInclude Include="Network\Service.h">
      <Filter>Network</Filter>
    </ClInclude>
    <ClInclude Include="Network\Buffer.h">
      <Filter>Network</Filter>
    </ClInclude>
    <ClInclude Include="Log\Logger.h">
      <Filter>Log</Filter>
    </ClInclude>
    <ClInclude Include="Network\Message.h">
      <Filter>Network</Filter>
    </ClInclude>
    <ClInclude Include="Job\Job.h">
      <Filter>Job</Filter>
    </ClInclude>
    <ClInclude Include="Job\Queue.h">
      <Filter>Job</Filter>
    </ClInclude>
    <ClInclude Include="Job\Serializer.h">
      <Filter>Job</Filter>
    </ClInclude>
  </ItemGroup>
  <ItemGroup>
    <ClCompile Include="Pch.cpp" />
    <ClCompile Include="Core\Global.cpp">
      <Filter>Core</Filter>
    </ClCompile>
    <ClCompile Include="Core\Tls.cpp">
      <Filter>Core</Filter>
    </ClCompile>
    <ClCompile Include="Concurrency\Thread.cpp">
      <Filter>Concurrency</Filter>
    </ClCompile>
    <ClCompile Include="Concurrency\Lock.cpp">
      <Filter>Concurrency</Filter>
    </ClCompile>
    <ClCompile Include="Concurrency\Deadlock.cpp">
      <Filter>Concurrency</Filter>
    </ClCompile>
    <ClCompile Include="Network\Address.cpp">
      <Filter>Network</Filter>
    </ClCompile>
    <ClCompile Include="Network\Socket.cpp">
      <Filter>Network</Filter>
    </ClCompile>
    <ClCompile Include="Io\Dispatcher.cpp">
      <Filter>Io</Filter>
    </ClCompile>
    <ClCompile Include="Io\Event.cpp">
      <Filter>Io</Filter>
    </ClCompile>
    <ClCompile Include="Network\Listener.cpp">
      <Filter>Network</Filter>
    </ClCompile>
    <ClCompile Include="Network\Session.cpp">
      <Filter>Network</Filter>
    </ClCompile>
    <ClCompile Include="Network\Service.cpp">
      <Filter>Network</Filter>
    </ClCompile>
    <ClCompile Include="Network\Buffer.cpp">
      <Filter>Network</Filter>
    </ClCompile>
    <ClCompile Include="Log\Logger.cpp">
      <Filter>Log</Filter>
    </ClCompile>
    <ClCompile Include="Network\Message.cpp">
      <Filter>Network</Filter>
    </ClCompile>
    <ClCompile Include="Job\Job.cpp">
      <Filter>Job</Filter>
    </ClCompile>
    <ClCompile Include="Job\Queue.cpp">
      <Filter>Job</Filter>
    </ClCompile>
    <ClCompile Include="Job\Serializer.cpp">
      <Filter>Job</Filter>
    </ClCompile>
  </ItemGroup>
</Project>