<?xml version="1.0" encoding="utf-8"?>
<Project ToolsVersion="4.0" xmlns="http://schemas.microsoft.com/developer/msbuild/2003">
  <ItemGroup>
    <ClInclude Include="Pch.h" />
    <ClInclude Include="Network\C2S_Payload.pb.h">
      <Filter>Network</Filter>
    </ClInclude>
    <ClInclude Include="Network\Common.pb.h">
      <Filter>Network</Filter>
    </ClInclude>
    <ClInclude Include="Network\Packet.h">
      <Filter>Network</Filter>
    </ClInclude>
    <ClInclude Include="Network\S2C_Payload.pb.h">
      <Filter>Network</Filter>
    </ClInclude>
  </ItemGroup>
  <ItemGroup>
    <ClCompile Include="Pch.cpp" />
    <ClCompile Include="Network\C2S_Payload.pb.cc">
      <Filter>Network</Filter>
    </ClCompile>
    <ClCompile Include="Network\Common.pb.cc">
      <Filter>Network</Filter>
    </ClCompile>
    <ClCompile Include="Network\Packet.cpp">
      <Filter>Network</Filter>
    </ClCompile>
    <ClCompile Include="Network\S2C_Payload.pb.cc">
      <Filter>Network</Filter>
    </ClCompile>
  </ItemGroup>
  <ItemGroup>
    <Filter Include="Network">
      <UniqueIdentifier>{ef7f3bff-2bb2-428e-9226-5c9611277798}</UniqueIdentifier>
    </Filter>
  </ItemGroup>
</Project>